
Microsoft Visual Studio Solution File, Format Version 12.00
# Visual Studio Version 16
VisualStudioVersion = 16.0.30002.166
MinimumVisualStudioVersion = 10.0.40219.1
Project("{9A19103F-16F7-4668-BE54-9A1E7A4F7556}") = "Test", "Test.csproj", "{DAC3933E-1D5B-41CE-86E9-52171CCB4250}"
EndProject
Project("{FAE04EC0-301F-11D3-BF4B-00C04F79EFBC}") = "TargetProject", "..\TargetProject\TargetProject.csproj", "{3A45C07C-1CA5-4BFF-AE79-2FFE5B022127}"
EndProject
Global
	GlobalSection(SolutionConfigurationPlatforms) = preSolution
		Debug|Any CPU = Debug|Any CPU
		Release|Any CPU = Release|Any CPU
	EndGlobalSection
	GlobalSection(ProjectConfigurationPlatforms) = postSolution
		{DAC3933E-1D5B-41CE-86E9-52171CCB4250}.Debug|Any CPU.ActiveCfg = Debug|Any CPU
		{DAC3933E-1D5B-41CE-86E9-52171CCB4250}.Debug|Any CPU.Build.0 = Debug|Any CPU
		{DAC3933E-1D5B-41CE-86E9-52171CCB4250}.Release|Any CPU.ActiveCfg = Release|Any CPU
		{DAC3933E-1D5B-41CE-86E9-52171CCB4250}.Release|Any CPU.Build.0 = Release|Any CPU
		{3A45C07C-1CA5-4BFF-AE79-2FFE5B022127}.Debug|Any CPU.ActiveCfg = Debug|Any CPU
		{3A45C07C-1CA5-4BFF-AE79-2FFE5B022127}.Debug|Any CPU.Build.0 = Debug|Any CPU
		{3A45C07C-1CA5-4BFF-AE79-2FFE5B022127}.Release|Any CPU.ActiveCfg = Release|Any CPU
		{3A45C07C-1CA5-4BFF-AE79-2FFE5B022127}.Release|Any CPU.Build.0 = Release|Any CPU
	EndGlobalSection
	GlobalSection(SolutionProperties) = preSolution
		HideSolutionNode = FALSE
	EndGlobalSection
	GlobalSection(ExtensibilityGlobals) = postSolution
		SolutionGuid = {83D87FF6-8A48-4C02-9938-EA17BC4D393E}
	EndGlobalSection
EndGlobal
